
Microsoft Visual Studio Solution File, Format Version 12.00
# Visual Studio Version 17
VisualStudioVersion = 17.4.33213.308
MinimumVisualStudioVersion = 10.0.40219.1
Project("{FAE04EC0-301F-11D3-BF4B-00C04F79EFBC}") = "Task_B", "Task_B.csproj", "{CAF15D82-F4E9-4A62-B360-FF88F85BC899}"
EndProject
Global
	GlobalSection(SolutionConfigurationPlatforms) = preSolution
		Debug|Any CPU = Debug|Any CPU
		Release|Any CPU = Release|Any CPU
	EndGlobalSection
	GlobalSection(ProjectConfigurationPlatforms) = postSolution
		{CAF15D82-F4E9-4A62-B360-FF88F85BC899}.Debug|Any CPU.ActiveCfg = Debug|Any CPU
		{CAF15D82-F4E9-4A62-B360-FF88F85BC899}.Debug|Any CPU.Build.0 = Debug|Any CPU
		{CAF15D82-F4E9-4A62-B360-FF88F85BC899}.Release|Any CPU.ActiveCfg = Release|Any CPU
		{CAF15D82-F4E9-4A62-B360-FF88F85BC899}.Release|Any CPU.Build.0 = Release|Any CPU
	EndGlobalSection
	GlobalSection(SolutionProperties) = preSolution
		HideSolutionNode = FALSE
	EndGlobalSection
	GlobalSection(ExtensibilityGlobals) = postSolution
		SolutionGuid = {0234EEB8-8949-4E0A-8443-94F5B5EEEE05}
	EndGlobalSection
EndGlobal
