
Microsoft Visual Studio Solution File, Format Version 12.00
# Visual Studio Version 17
VisualStudioVersion = 17.4.33213.308
MinimumVisualStudioVersion = 10.0.40219.1
Project("{FAE04EC0-301F-11D3-BF4B-00C04F79EFBC}") = "Task A", "Task A.csproj", "{A362BDC1-3479-44DC-A012-0DAF3C5C5754}"
EndProject
Global
	GlobalSection(SolutionConfigurationPlatforms) = preSolution
		Debug|Any CPU = Debug|Any CPU
		Release|Any CPU = Release|Any CPU
	EndGlobalSection
	GlobalSection(ProjectConfigurationPlatforms) = postSolution
		{A362BDC1-3479-44DC-A012-0DAF3C5C5754}.Debug|Any CPU.ActiveCfg = Debug|Any CPU
		{A362BDC1-3479-44DC-A012-0DAF3C5C5754}.Debug|Any CPU.Build.0 = Debug|Any CPU
		{A362BDC1-3479-44DC-A012-0DAF3C5C5754}.Release|Any CPU.ActiveCfg = Release|Any CPU
		{A362BDC1-3479-44DC-A012-0DAF3C5C5754}.Release|Any CPU.Build.0 = Release|Any CPU
	EndGlobalSection
	GlobalSection(SolutionProperties) = preSolution
		HideSolutionNode = FALSE
	EndGlobalSection
	GlobalSection(ExtensibilityGlobals) = postSolution
		SolutionGuid = {D2AA4D25-811E-440A-A607-1BC18EC2EEC8}
	EndGlobalSection
EndGlobal
