
Microsoft Visual Studio Solution File, Format Version 12.00
# Visual Studio Version 17
VisualStudioVersion = 17.2.32630.192
MinimumVisualStudioVersion = 10.0.40219.1
Project("{FAE04EC0-301F-11D3-BF4B-00C04F79EFBC}") = "Task B", "Task B.csproj", "{6420C2FF-5760-4165-AEBF-A68A2D6D99EA}"
EndProject
Global
	GlobalSection(SolutionConfigurationPlatforms) = preSolution
		Debug|Any CPU = Debug|Any CPU
		Release|Any CPU = Release|Any CPU
	EndGlobalSection
	GlobalSection(ProjectConfigurationPlatforms) = postSolution
		{6420C2FF-5760-4165-AEBF-A68A2D6D99EA}.Debug|Any CPU.ActiveCfg = Debug|Any CPU
		{6420C2FF-5760-4165-AEBF-A68A2D6D99EA}.Debug|Any CPU.Build.0 = Debug|Any CPU
		{6420C2FF-5760-4165-AEBF-A68A2D6D99EA}.Release|Any CPU.ActiveCfg = Release|Any CPU
		{6420C2FF-5760-4165-AEBF-A68A2D6D99EA}.Release|Any CPU.Build.0 = Release|Any CPU
	EndGlobalSection
	GlobalSection(SolutionProperties) = preSolution
		HideSolutionNode = FALSE
	EndGlobalSection
	GlobalSection(ExtensibilityGlobals) = postSolution
		SolutionGuid = {0576A451-41CF-43A6-9951-B45FFD7292BE}
	EndGlobalSection
EndGlobal
