
Microsoft Visual Studio Solution File, Format Version 12.00
# Visual Studio Version 17
VisualStudioVersion = 17.4.33213.308
MinimumVisualStudioVersion = 10.0.40219.1
Project("{FAE04EC0-301F-11D3-BF4B-00C04F79EFBC}") = "Task C", "Task C.csproj", "{1054A254-C423-4F7A-A06C-8ACEFA169080}"
EndProject
Global
	GlobalSection(SolutionConfigurationPlatforms) = preSolution
		Debug|Any CPU = Debug|Any CPU
		Release|Any CPU = Release|Any CPU
	EndGlobalSection
	GlobalSection(ProjectConfigurationPlatforms) = postSolution
		{1054A254-C423-4F7A-A06C-8ACEFA169080}.Debug|Any CPU.ActiveCfg = Debug|Any CPU
		{1054A254-C423-4F7A-A06C-8ACEFA169080}.Debug|Any CPU.Build.0 = Debug|Any CPU
		{1054A254-C423-4F7A-A06C-8ACEFA169080}.Release|Any CPU.ActiveCfg = Release|Any CPU
		{1054A254-C423-4F7A-A06C-8ACEFA169080}.Release|Any CPU.Build.0 = Release|Any CPU
	EndGlobalSection
	GlobalSection(SolutionProperties) = preSolution
		HideSolutionNode = FALSE
	EndGlobalSection
	GlobalSection(ExtensibilityGlobals) = postSolution
		SolutionGuid = {8B1F1EA2-6578-48C9-9DB5-152B8BC8A122}
	EndGlobalSection
EndGlobal
