
Microsoft Visual Studio Solution File, Format Version 12.00
# Visual Studio Version 17
VisualStudioVersion = 17.2.32630.192
MinimumVisualStudioVersion = 10.0.40219.1
Project("{FAE04EC0-301F-11D3-BF4B-00C04F79EFBC}") = "Task A", "Task A.csproj", "{72F66AB6-2B41-4DAF-849C-0CF8AFC103FF}"
EndProject
Global
	GlobalSection(SolutionConfigurationPlatforms) = preSolution
		Debug|Any CPU = Debug|Any CPU
		Release|Any CPU = Release|Any CPU
	EndGlobalSection
	GlobalSection(ProjectConfigurationPlatforms) = postSolution
		{72F66AB6-2B41-4DAF-849C-0CF8AFC103FF}.Debug|Any CPU.ActiveCfg = Debug|Any CPU
		{72F66AB6-2B41-4DAF-849C-0CF8AFC103FF}.Debug|Any CPU.Build.0 = Debug|Any CPU
		{72F66AB6-2B41-4DAF-849C-0CF8AFC103FF}.Release|Any CPU.ActiveCfg = Release|Any CPU
		{72F66AB6-2B41-4DAF-849C-0CF8AFC103FF}.Release|Any CPU.Build.0 = Release|Any CPU
	EndGlobalSection
	GlobalSection(SolutionProperties) = preSolution
		HideSolutionNode = FALSE
	EndGlobalSection
	GlobalSection(ExtensibilityGlobals) = postSolution
		SolutionGuid = {BE69539C-8227-40B5-B006-F26EF2CBB6D8}
	EndGlobalSection
EndGlobal
