
Microsoft Visual Studio Solution File, Format Version 12.00
# Visual Studio Version 17
VisualStudioVersion = 17.4.33213.308
MinimumVisualStudioVersion = 10.0.40219.1
Project("{FAE04EC0-301F-11D3-BF4B-00C04F79EFBC}") = "Task A", "Task A.csproj", "{707285E1-9DA5-4509-A3EC-2C9DD70BD565}"
EndProject
Global
	GlobalSection(SolutionConfigurationPlatforms) = preSolution
		Debug|Any CPU = Debug|Any CPU
		Release|Any CPU = Release|Any CPU
	EndGlobalSection
	GlobalSection(ProjectConfigurationPlatforms) = postSolution
		{707285E1-9DA5-4509-A3EC-2C9DD70BD565}.Debug|Any CPU.ActiveCfg = Debug|Any CPU
		{707285E1-9DA5-4509-A3EC-2C9DD70BD565}.Debug|Any CPU.Build.0 = Debug|Any CPU
		{707285E1-9DA5-4509-A3EC-2C9DD70BD565}.Release|Any CPU.ActiveCfg = Release|Any CPU
		{707285E1-9DA5-4509-A3EC-2C9DD70BD565}.Release|Any CPU.Build.0 = Release|Any CPU
	EndGlobalSection
	GlobalSection(SolutionProperties) = preSolution
		HideSolutionNode = FALSE
	EndGlobalSection
	GlobalSection(ExtensibilityGlobals) = postSolution
		SolutionGuid = {0EFBBDBE-91DA-4969-BE45-EECC7C7F38BF}
	EndGlobalSection
EndGlobal
